<?xml version="1.0" encoding="utf-8"?>
<Project ToolsVersion="16.0" xmlns="http://schemas.microsoft.com/developer/msbuild/2003">
  <ItemGroup>
    <CustomBuild Include="C:\Users\RampantVelcro\Documents\Urho3D\CMakeFiles\2b52e7aa2e6cf706ed7b19490bb8731b\INSTALL_force.rule">
      <Filter>CMake Rules</Filter>
    </CustomBuild>
  </ItemGroup>
  <ItemGroup>
    <Filter Include="CMake Rules">
      <UniqueIdentifier>{7F40D5DE-9783-3B46-A0AD-558FF545F88F}</UniqueIdentifier>
    </Filter>
  </ItemGroup>
</Project>
